Microsoft Visual Studio Solution File, Format Version 12.00
# Visual Studio Version 17
VisualStudioVersion = 17.2.32602.215
MinimumVisualStudioVersion = 10.0.40219.1
Project("{2150E333-8FDC-42A3-9474-1A3956D46DE8}") = "docs", "docs", "{7E30F96F-0875-4A07-B028-E2B6C8EE1FBE}"
	ProjectSection(SolutionItems) = preProject
		HRMS.md = HRMS.md
		框架说明.md = 框架说明.md
	EndProjectSection
EndProject
Project("{2150E333-8FDC-42A3-9474-1A3956D46DE8}") = "src", "src", "{7CBA626C-C129-4D93-B9D3-C4DA4C1C5F6E}"
EndProject
Project("{9A19103F-16F7-4668-BE54-9A1E7A4F7556}") = "Shipeng.Application", "Shipeng.Application\Shipeng.Application.csproj", "{B6D8C8D1-1D3A-4B69-83A5-9B275C54284B}"
EndProject
Project("{9A19103F-16F7-4668-BE54-9A1E7A4F7556}") = "Shipeng.Application.Contracts", "Shipeng.Application.Contracts\Shipeng.Application.Contracts.csproj", "{6C66A6E7-DF89-4223-BFE1-E2FE4C51EC5F}"
EndProject
Project("{9A19103F-16F7-4668-BE54-9A1E7A4F7556}") = "Shipeng.Domain", "Shipeng.Domain\Shipeng.Domain.csproj", "{AB2600AD-26EA-4446-ABAD-BBEB35594B62}"
EndProject
Project("{9A19103F-16F7-4668-BE54-9A1E7A4F7556}") = "Shipeng.Domain.Shared", "Shipeng.Domain.Shared\Shipeng.Domain.Shared.csproj", "{7D7A9147-1A20-48C6-B2FB-88259A2FC114}"
EndProject
Project("{9A19103F-16F7-4668-BE54-9A1E7A4F7556}") = "Shipeng.EntityFrameworkCore", "Shipeng.EntityFrameworkCore\Shipeng.EntityFrameworkCore.csproj", "{EF3FBAFF-A1CD-4005-892B-CD23EE84F039}"
EndProject
Project("{9A19103F-16F7-4668-BE54-9A1E7A4F7556}") = "Shipeng.Hosting", "Shipeng.Hosting\Shipeng.Hosting.csproj", "{AD3AA690-520B-42E3-AFBF-5F64926375E3}"
EndProject
Project("{2150E333-8FDC-42A3-9474-1A3956D46DE8}") = "Util", "Util", "{6F42835B-5611-4C51-B411-B3A70AF8C9A4}"
EndProject
Project("{9A19103F-16F7-4668-BE54-9A1E7A4F7556}") = "Shipeng.Foundation", "Shipeng.Foundation\Shipeng.Foundation.csproj", "{8D8C2350-60A6-4713-A823-A0E2F8E13C8B}"
EndProject
Project("{9A19103F-16F7-4668-BE54-9A1E7A4F7556}") = "Shipeng.DbMigrator", "Shipeng.DbMigrator\Shipeng.DbMigrator.csproj", "{675E6FDC-8CB6-4488-975E-E65DB7374A31}"
EndProject
Project("{9A19103F-16F7-4668-BE54-9A1E7A4F7556}") = "Shipeng.HttpApi", "Shipeng.HttpApi\Shipeng.HttpApi.csproj", "{0272B290-E241-4F93-B572-FB7AA51C11F0}"
EndProject
Project("{2150E333-8FDC-42A3-9474-1A3956D46DE8}") = "HRMS", "HRMS", "{678EFBF9-250A-40C9-B37A-75221F1B8100}"
EndProject
Project("{9A19103F-16F7-4668-BE54-9A1E7A4F7556}") = "Shipeng.HRMS.Domain", "Shipeng.HRMS.Domain\Shipeng.HRMS.Domain.csproj", "{B185CE8C-24D0-40FD-B3C5-1C268B6CD51D}"
EndProject
Project("{9A19103F-16F7-4668-BE54-9A1E7A4F7556}") = "Shipeng.HRMS.Service", "Shipeng.HRMS.Service\Shipeng.HRMS.Service.csproj", "{E4920454-5F55-41C3-B738-3BBE08EE819F}"
EndProject
Project("{9A19103F-16F7-4668-BE54-9A1E7A4F7556}") = "Shipeng.HRMS.Web", "Shipeng.HRMS.Web\Shipeng.HRMS.Web.csproj", "{C555FB10-4F6D-4CD3-8504-EBC5F76F1E8C}"
EndProject
Project("{9A19103F-16F7-4668-BE54-9A1E7A4F7556}") = "Shipeng.HRMS.CodeGenerator", "Shipeng.HRMS.CodeGenerator\Shipeng.HRMS.CodeGenerator.csproj", "{DF3F067F-4F3C-4BDD-8E9E-717AD7D15F98}"
EndProject
Project("{9A19103F-16F7-4668-BE54-9A1E7A4F7556}") = "Shipeng.HRMS.WebApi", "Shipeng.HRMS.WebApi\Shipeng.HRMS.WebApi.csproj", "{08858122-1A81-4300-9BEE-615E6B72969A}"
EndProject
Project("{2150E333-8FDC-42A3-9474-1A3956D46DE8}") = "test", "test", "{54BC0BF8-BD53-47FB-B191-350F1E9C63BA}"
EndProject
Project("{FAE04EC0-301F-11D3-BF4B-00C04F79EFBC}") = "ConsoleApp1", "ConsoleApp1\ConsoleApp1.csproj", "{0653163E-89B5-4A9E-BE9C-D13C45846CFB}"
EndProject
Project("{FAE04EC0-301F-11D3-BF4B-00C04F79EFBC}") = "Shipeng.MiniWord", "Shipeng.MiniWord\Shipeng.MiniWord.csproj", "{8135E791-65AC-4185-9561-4B0DF6D2C8C8}"
EndProject
Global
	GlobalSection(SolutionConfigurationPlatforms) = preSolution
		Debug|Any CPU = Debug|Any CPU
		Release|Any CPU = Release|Any CPU
	EndGlobalSection
	GlobalSection(ProjectConfigurationPlatforms) = postSolution
		{B6D8C8D1-1D3A-4B69-83A5-9B275C54284B}.Debug|Any CPU.ActiveCfg = Debug|Any CPU
		{B6D8C8D1-1D3A-4B69-83A5-9B275C54284B}.Debug|Any CPU.Build.0 = Debug|Any CPU
		{B6D8C8D1-1D3A-4B69-83A5-9B275C54284B}.Release|Any CPU.ActiveCfg = Release|Any CPU
		{B6D8C8D1-1D3A-4B69-83A5-9B275C54284B}.Release|Any CPU.Build.0 = Release|Any CPU
		{6C66A6E7-DF89-4223-BFE1-E2FE4C51EC5F}.Debug|Any CPU.ActiveCfg = Debug|Any CPU
		{6C66A6E7-DF89-4223-BFE1-E2FE4C51EC5F}.Debug|Any CPU.Build.0 = Debug|Any CPU
		{6C66A6E7-DF89-4223-BFE1-E2FE4C51EC5F}.Release|Any CPU.ActiveCfg = Release|Any CPU
		{6C66A6E7-DF89-4223-BFE1-E2FE4C51EC5F}.Release|Any CPU.Build.0 = Release|Any CPU
		{AB2600AD-26EA-4446-ABAD-BBEB35594B62}.Debug|Any CPU.ActiveCfg = Debug|Any CPU
		{AB2600AD-26EA-4446-ABAD-BBEB35594B62}.Debug|Any CPU.Build.0 = Debug|Any CPU
		{AB2600AD-26EA-4446-ABAD-BBEB35594B62}.Release|Any CPU.ActiveCfg = Release|Any CPU
		{AB2600AD-26EA-4446-ABAD-BBEB35594B62}.Release|Any CPU.Build.0 = Release|Any CPU
		{7D7A9147-1A20-48C6-B2FB-88259A2FC114}.Debug|Any CPU.ActiveCfg = Debug|Any CPU
		{7D7A9147-1A20-48C6-B2FB-88259A2FC114}.Debug|Any CPU.Build.0 = Debug|Any CPU
		{7D7A9147-1A20-48C6-B2FB-88259A2FC114}.Release|Any CPU.ActiveCfg = Release|Any CPU
		{7D7A9147-1A20-48C6-B2FB-88259A2FC114}.Release|Any CPU.Build.0 = Release|Any CPU
		{EF3FBAFF-A1CD-4005-892B-CD23EE84F039}.Debug|Any CPU.ActiveCfg = Debug|Any CPU
		{EF3FBAFF-A1CD-4005-892B-CD23EE84F039}.Debug|Any CPU.Build.0 = Debug|Any CPU
		{EF3FBAFF-A1CD-4005-892B-CD23EE84F039}.Release|Any CPU.ActiveCfg = Release|Any CPU
		{EF3FBAFF-A1CD-4005-892B-CD23EE84F039}.Release|Any CPU.Build.0 = Release|Any CPU
		{AD3AA690-520B-42E3-AFBF-5F64926375E3}.Debug|Any CPU.ActiveCfg = Debug|Any CPU
		{AD3AA690-520B-42E3-AFBF-5F64926375E3}.Debug|Any CPU.Build.0 = Debug|Any CPU
		{AD3AA690-520B-42E3-AFBF-5F64926375E3}.Release|Any CPU.ActiveCfg = Release|Any CPU
		{AD3AA690-520B-42E3-AFBF-5F64926375E3}.Release|Any CPU.Build.0 = Release|Any CPU
		{8D8C2350-60A6-4713-A823-A0E2F8E13C8B}.Debug|Any CPU.ActiveCfg = Debug|Any CPU
		{8D8C2350-60A6-4713-A823-A0E2F8E13C8B}.Debug|Any CPU.Build.0 = Debug|Any CPU
		{8D8C2350-60A6-4713-A823-A0E2F8E13C8B}.Release|Any CPU.ActiveCfg = Release|Any CPU
		{8D8C2350-60A6-4713-A823-A0E2F8E13C8B}.Release|Any CPU.Build.0 = Release|Any CPU
		{675E6FDC-8CB6-4488-975E-E65DB7374A31}.Debug|Any CPU.ActiveCfg = Debug|Any CPU
		{675E6FDC-8CB6-4488-975E-E65DB7374A31}.Debug|Any CPU.Build.0 = Debug|Any CPU
		{675E6FDC-8CB6-4488-975E-E65DB7374A31}.Release|Any CPU.ActiveCfg = Release|Any CPU
		{675E6FDC-8CB6-4488-975E-E65DB7374A31}.Release|Any CPU.Build.0 = Release|Any CPU
		{0272B290-E241-4F93-B572-FB7AA51C11F0}.Debug|Any CPU.ActiveCfg = Debug|Any CPU
		{0272B290-E241-4F93-B572-FB7AA51C11F0}.Debug|Any CPU.Build.0 = Debug|Any CPU
		{0272B290-E241-4F93-B572-FB7AA51C11F0}.Release|Any CPU.ActiveCfg = Release|Any CPU
		{0272B290-E241-4F93-B572-FB7AA51C11F0}.Release|Any CPU.Build.0 = Release|Any CPU
		{B185CE8C-24D0-40FD-B3C5-1C268B6CD51D}.Debug|Any CPU.ActiveCfg = Debug|Any CPU
		{B185CE8C-24D0-40FD-B3C5-1C268B6CD51D}.Debug|Any CPU.Build.0 = Debug|Any CPU
		{B185CE8C-24D0-40FD-B3C5-1C268B6CD51D}.Release|Any CPU.ActiveCfg = Release|Any CPU
		{B185CE8C-24D0-40FD-B3C5-1C268B6CD51D}.Release|Any CPU.Build.0 = Release|Any CPU
		{E4920454-5F55-41C3-B738-3BBE08EE819F}.Debug|Any CPU.ActiveCfg = Debug|Any CPU
		{E4920454-5F55-41C3-B738-3BBE08EE819F}.Debug|Any CPU.Build.0 = Debug|Any CPU
		{E4920454-5F55-41C3-B738-3BBE08EE819F}.Release|Any CPU.ActiveCfg = Release|Any CPU
		{E4920454-5F55-41C3-B738-3BBE08EE819F}.Release|Any CPU.Build.0 = Release|Any CPU
		{C555FB10-4F6D-4CD3-8504-EBC5F76F1E8C}.Debug|Any CPU.ActiveCfg = Debug|Any CPU
		{C555FB10-4F6D-4CD3-8504-EBC5F76F1E8C}.Debug|Any CPU.Build.0 = Debug|Any CPU
		{C555FB10-4F6D-4CD3-8504-EBC5F76F1E8C}.Release|Any CPU.ActiveCfg = Release|Any CPU
		{C555FB10-4F6D-4CD3-8504-EBC5F76F1E8C}.Release|Any CPU.Build.0 = Release|Any CPU
		{DF3F067F-4F3C-4BDD-8E9E-717AD7D15F98}.Debug|Any CPU.ActiveCfg = Debug|Any CPU
		{DF3F067F-4F3C-4BDD-8E9E-717AD7D15F98}.Debug|Any CPU.Build.0 = Debug|Any CPU
		{DF3F067F-4F3C-4BDD-8E9E-717AD7D15F98}.Release|Any CPU.ActiveCfg = Release|Any CPU
		{DF3F067F-4F3C-4BDD-8E9E-717AD7D15F98}.Release|Any CPU.Build.0 = Release|Any CPU
		{08858122-1A81-4300-9BEE-615E6B72969A}.Debug|Any CPU.ActiveCfg = Debug|Any CPU
		{08858122-1A81-4300-9BEE-615E6B72969A}.Debug|Any CPU.Build.0 = Debug|Any CPU
		{08858122-1A81-4300-9BEE-615E6B72969A}.Release|Any CPU.ActiveCfg = Release|Any CPU
		{08858122-1A81-4300-9BEE-615E6B72969A}.Release|Any CPU.Build.0 = Release|Any CPU
		{0653163E-89B5-4A9E-BE9C-D13C45846CFB}.Debug|Any CPU.ActiveCfg = Debug|Any CPU
		{0653163E-89B5-4A9E-BE9C-D13C45846CFB}.Debug|Any CPU.Build.0 = Debug|Any CPU
		{0653163E-89B5-4A9E-BE9C-D13C45846CFB}.Release|Any CPU.ActiveCfg = Release|Any CPU
		{0653163E-89B5-4A9E-BE9C-D13C45846CFB}.Release|Any CPU.Build.0 = Release|Any CPU
		{8135E791-65AC-4185-9561-4B0DF6D2C8C8}.Debug|Any CPU.ActiveCfg = Debug|Any CPU
		{8135E791-65AC-4185-9561-4B0DF6D2C8C8}.Debug|Any CPU.Build.0 = Debug|Any CPU
		{8135E791-65AC-4185-9561-4B0DF6D2C8C8}.Release|Any CPU.ActiveCfg = Release|Any CPU
		{8135E791-65AC-4185-9561-4B0DF6D2C8C8}.Release|Any CPU.Build.0 = Release|Any CPU
	EndGlobalSection
	GlobalSection(SolutionProperties) = preSolution
		HideSolutionNode = FALSE
	EndGlobalSection
	GlobalSection(NestedProjects) = preSolution
		{B6D8C8D1-1D3A-4B69-83A5-9B275C54284B} = {7CBA626C-C129-4D93-B9D3-C4DA4C1C5F6E}
		{6C66A6E7-DF89-4223-BFE1-E2FE4C51EC5F} = {7CBA626C-C129-4D93-B9D3-C4DA4C1C5F6E}
		{AB2600AD-26EA-4446-ABAD-BBEB35594B62} = {7CBA626C-C129-4D93-B9D3-C4DA4C1C5F6E}
		{7D7A9147-1A20-48C6-B2FB-88259A2FC114} = {7CBA626C-C129-4D93-B9D3-C4DA4C1C5F6E}
		{EF3FBAFF-A1CD-4005-892B-CD23EE84F039} = {7CBA626C-C129-4D93-B9D3-C4DA4C1C5F6E}
		{AD3AA690-520B-42E3-AFBF-5F64926375E3} = {7CBA626C-C129-4D93-B9D3-C4DA4C1C5F6E}
		{8D8C2350-60A6-4713-A823-A0E2F8E13C8B} = {6F42835B-5611-4C51-B411-B3A70AF8C9A4}
		{675E6FDC-8CB6-4488-975E-E65DB7374A31} = {7CBA626C-C129-4D93-B9D3-C4DA4C1C5F6E}
		{0272B290-E241-4F93-B572-FB7AA51C11F0} = {7CBA626C-C129-4D93-B9D3-C4DA4C1C5F6E}
		{B185CE8C-24D0-40FD-B3C5-1C268B6CD51D} = {678EFBF9-250A-40C9-B37A-75221F1B8100}
		{E4920454-5F55-41C3-B738-3BBE08EE819F} = {678EFBF9-250A-40C9-B37A-75221F1B8100}
		{C555FB10-4F6D-4CD3-8504-EBC5F76F1E8C} = {678EFBF9-250A-40C9-B37A-75221F1B8100}
		{DF3F067F-4F3C-4BDD-8E9E-717AD7D15F98} = {678EFBF9-250A-40C9-B37A-75221F1B8100}
		{08858122-1A81-4300-9BEE-615E6B72969A} = {678EFBF9-250A-40C9-B37A-75221F1B8100}
		{0653163E-89B5-4A9E-BE9C-D13C45846CFB} = {54BC0BF8-BD53-47FB-B191-350F1E9C63BA}
		{8135E791-65AC-4185-9561-4B0DF6D2C8C8} = {6F42835B-5611-4C51-B411-B3A70AF8C9A4}
	EndGlobalSection
	GlobalSection(ExtensibilityGlobals) = postSolution
		SolutionGuid = {199A217A-6E4F-47FB-B6E9-C072DAEA0D88}
	EndGlobalSection
EndGlobal
